// !$*UTF8*$!
{
	archiveVersion = 1;
	classes = {
	};
	objectVersion = 46;
	objects = {

/* Begin PBXBuildFile section */
		166B55D119048F6E00F5C650 /* Foundation.framework in Frameworks */ = {isa = PBXBuildFile; fileRef = 166B55D019048F6E00F5C650 /* Foundation.framework */; };
		166B55D319048F6E00F5C650 /* CoreGraphics.framework in Frameworks */ = {isa = PBXBuildFile; fileRef = 166B55D219048F6E00F5C650 /* CoreGraphics.framework */; };
		166B55D519048F6E00F5C650 /* UIKit.framework in Frameworks */ = {isa = PBXBuildFile; fileRef = 166B55D419048F6E00F5C650 /* UIKit.framework */; };
		166B55D719048F6E00F5C650 /* CoreData.framework in Frameworks */ = {isa = PBXBuildFile; fileRef = 166B55D619048F6E00F5C650 /* CoreData.framework */; };
		166B55DD19048F6E00F5C650 /* InfoPlist.strings in Resources */ = {isa = PBXBuildFile; fileRef = 166B55DB19048F6E00F5C650 /* InfoPlist.strings */; };
		166B55DF19048F6E00F5C650 /* main.m in Sources */ = {isa = PBXBuildFile; fileRef = 166B55DE19048F6E00F5C650 /* main.m */; };
		166B55E319048F6E00F5C650 /* AppDelegate.m in Sources */ = {isa = PBXBuildFile; fileRef = 166B55E219048F6E00F5C650 /* AppDelegate.m */; };
		166B55E619048F6E00F5C650 /* Main.storyboard in Resources */ = {isa = PBXBuildFile; fileRef = 166B55E419048F6E00F5C650 /* Main.storyboard */; };
		166B55E919048F6E00F5C650 /* iFindArtists.xcdatamodeld in Sources */ = {isa = PBXBuildFile; fileRef = 166B55E719048F6E00F5C650 /* iFindArtists.xcdatamodeld */; };
		166B55EC19048F6E00F5C650 /* MainViewController.m in Sources */ = {isa = PBXBuildFile; fileRef = 166B55EB19048F6E00F5C650 /* MainViewController.m */; };
		166B55EF19048F6E00F5C650 /* FlipsideViewController.m in Sources */ = {isa = PBXBuildFile; fileRef = 166B55EE19048F6E00F5C650 /* FlipsideViewController.m */; };
		166B55F119048F6E00F5C650 /* Images.xcassets in Resources */ = {isa = PBXBuildFile; fileRef = 166B55F019048F6E00F5C650 /* Images.xcassets */; };
		166B55F819048F6E00F5C650 /* XCTest.framework in Frameworks */ = {isa = PBXBuildFile; fileRef = 166B55F719048F6E00F5C650 /* XCTest.framework */; };
		166B55F919048F6E00F5C650 /* Foundation.framework in Frameworks */ = {isa = PBXBuildFile; fileRef = 166B55D019048F6E00F5C650 /* Foundation.framework */; };
		166B55FA19048F6E00F5C650 /* UIKit.framework in Frameworks */ = {isa = PBXBuildFile; fileRef = 166B55D419048F6E00F5C650 /* UIKit.framework */; };
		166B55FB19048F6E00F5C650 /* CoreData.framework in Frameworks */ = {isa = PBXBuildFile; fileRef = 166B55D619048F6E00F5C650 /* CoreData.framework */; };
		166B560319048F6F00F5C650 /* InfoPlist.strings in Resources */ = {isa = PBXBuildFile; fileRef = 166B560119048F6F00F5C650 /* InfoPlist.strings */; };
		166B560519048F6F00F5C650 /* iFindArtistsTests.m in Sources */ = {isa = PBXBuildFile; fileRef = 166B560419048F6F00F5C650 /* iFindArtistsTests.m */; };
		166B561E19058C4300F5C650 /* FlickrFetcher.m in Sources */ = {isa = PBXBuildFile; fileRef = 166B561D19058C4300F5C650 /* FlickrFetcher.m */; };
		166B56291905954800F5C650 /* Photo+Flickr.m in Sources */ = {isa = PBXBuildFile; fileRef = 166B56261905954800F5C650 /* Photo+Flickr.m */; };
		166B562A1905954800F5C650 /* Photographer+Create.m in Sources */ = {isa = PBXBuildFile; fileRef = 166B56281905954800F5C650 /* Photographer+Create.m */; };
		166B562C1905A4ED00F5C650 /* flickrcolor.png in Resources */ = {isa = PBXBuildFile; fileRef = 166B562B1905A4ED00F5C650 /* flickrcolor.png */; };
		166B562F1905B38D00F5C650 /* CustomTableViewCell.m in Sources */ = {isa = PBXBuildFile; fileRef = 166B562E1905B38D00F5C650 /* CustomTableViewCell.m */; };
		166B56321905B50500F5C650 /* PhotographerCDTVC.m in Sources */ = {isa = PBXBuildFile; fileRef = 166B56311905B50500F5C650 /* PhotographerCDTVC.m */; };
		166B56351905B52000F5C650 /* CoreDataTableViewController.m in Sources */ = {isa = PBXBuildFile; fileRef = 166B56341905B52000F5C650 /* CoreDataTableViewController.m */; };
		166B56381905B66600F5C650 /* Photo.m in Sources */ = {isa = PBXBuildFile; fileRef = 166B56371905B66600F5C650 /* Photo.m */; };
		166B563B1905B66600F5C650 /* Photographer.m in Sources */ = {isa = PBXBuildFile; fileRef = 166B563A1905B66600F5C650 /* Photographer.m */; };
		166B563E1905BD2A00F5C650 /* PhotosByPhotographerCDTVC.m in Sources */ = {isa = PBXBuildFile; fileRef = 166B563D1905BD2A00F5C650 /* PhotosByPhotographerCDTVC.m */; };
		166B56541905F4B000F5C650 /* AGPhotoBrowserCell.m in Sources */ = {isa = PBXBuildFile; fileRef = 166B564A1905F4B000F5C650 /* AGPhotoBrowserCell.m */; };
		166B56551905F4B000F5C650 /* AGPhotoBrowserOverlayView.m in Sources */ = {isa = PBXBuildFile; fileRef = 166B564F1905F4B000F5C650 /* AGPhotoBrowserOverlayView.m */; };
		166B56561905F4B000F5C650 /* AGPhotoBrowserView.m in Sources */ = {isa = PBXBuildFile; fileRef = 166B56511905F4B000F5C650 /* AGPhotoBrowserView.m */; };
		166B56571905F4B000F5C650 /* AGPhotoBrowserZoomableView.m in Sources */ = {isa = PBXBuildFile; fileRef = 166B56531905F4B000F5C650 /* AGPhotoBrowserZoomableView.m */; };
		16F490A11917429700483215 /* CoreDataHelper.m in Sources */ = {isa = PBXBuildFile; fileRef = 16F490A01917429700483215 /* CoreDataHelper.m */; };
		16F490A41917692F00483215 /* BroadcastBeaconViewController.m in Sources */ = {isa = PBXBuildFile; fileRef = 16F490A31917692F00483215 /* BroadcastBeaconViewController.m */; };
		16F490A61917696700483215 /* CoreBluetooth.framework in Frameworks */ = {isa = PBXBuildFile; fileRef = 16F490A51917696700483215 /* CoreBluetooth.framework */; };
		16F490A81917696E00483215 /* CoreLocation.framework in Frameworks */ = {isa = PBXBuildFile; fileRef = 16F490A71917696E00483215 /* CoreLocation.framework */; };
		16F490AC19176B5100483215 /* ReceiveBeaconViewController.m in Sources */ = {isa = PBXBuildFile; fileRef = 16F490AB19176B5100483215 /* ReceiveBeaconViewController.m */; };
		16F490B019178A3400483215 /* SearchViewController.m in Sources */ = {isa = PBXBuildFile; fileRef = 16F490AF19178A3400483215 /* SearchViewController.m */; };
/* End PBXBuildFile section */

/* Begin PBXContainerItemProxy section */
		166B55FC19048F6F00F5C650 /* PBXContainerItemProxy */ = {
			isa = PBXContainerItemProxy;
			containerPortal = 166B55C519048F6E00F5C650 /* Project object */;
			proxyType = 1;
			remoteGlobalIDString = 166B55CC19048F6E00F5C650;
			remoteInfo = iFindArtists;
		};
/* End PBXContainerItemProxy section */

/* Begin PBXFileReference section */
		166B55CD19048F6E00F5C650 /* iFindArtists.app */ = {isa = PBXFileReference; explicitFileType = wrapper.application; includeInIndex = 0; path = iFindArtists.app; sourceTree = BUILT_PRODUCTS_DIR; };
		166B55D019048F6E00F5C650 /* Foundation.framework */ = {isa = PBXFileReference; lastKnownFileType = wrapper.framework; name = Foundation.framework; path = System/Library/Frameworks/Foundation.framework; sourceTree = SDKROOT; };
		166B55D219048F6E00F5C650 /* CoreGraphics.framework */ = {isa = PBXFileReference; lastKnownFileType = wrapper.framework; name = CoreGraphics.framework; path = System/Library/Frameworks/CoreGraphics.framework; sourceTree = SDKROOT; };
		166B55D419048F6E00F5C650 /* UIKit.framework */ = {isa = PBXFileReference; lastKnownFileType = wrapper.framework; name = UIKit.framework; path = System/Library/Frameworks/UIKit.framework; sourceTree = SDKROOT; };
		166B55D619048F6E00F5C650 /* CoreData.framework */ = {isa = PBXFileReference; lastKnownFileType = wrapper.framework; name = CoreData.framework; path = System/Library/Frameworks/CoreData.framework; sourceTree = SDKROOT; };
		166B55DA19048F6E00F5C650 /* iFindArtists-Info.plist */ = {isa = PBXFileReference; lastKnownFileType = text.plist.xml; path = "iFindArtists-Info.plist"; sourceTree = "<group>"; };
		166B55DC19048F6E00F5C650 /* en */ = {isa = PBXFileReference; lastKnownFileType = text.plist.strings; name = en; path = en.lproj/InfoPlist.strings; sourceTree = "<group>"; };
		166B55DE19048F6E00F5C650 /* main.m */ = {isa = PBXFileReference; lastKnownFileType = sourcecode.c.objc; path = main.m; sourceTree = "<group>"; };
		166B55E019048F6E00F5C650 /* iFindArtists-Prefix.pch */ = {isa = PBXFileReference; lastKnownFileType = sourcecode.c.h; path = "iFindArtists-Prefix.pch"; sourceTree = "<group>"; };
		166B55E119048F6E00F5C650 /* AppDelegate.h */ = {isa = PBXFileReference; lastKnownFileType = sourcecode.c.h; path = AppDelegate.h; sourceTree = "<group>"; };
		166B55E219048F6E00F5C650 /* AppDelegate.m */ = {isa = PBXFileReference; lastKnownFileType = sourcecode.c.objc; path = AppDelegate.m; sourceTree = "<group>"; };
		166B55E519048F6E00F5C650 /* Base */ = {isa = PBXFileReference; lastKnownFileType = file.storyboard; name = Base; path = Base.lproj/Main.storyboard; sourceTree = "<group>"; };
		166B55E819048F6E00F5C650 /* iFindArtists.xcdatamodel */ = {isa = PBXFileReference; lastKnownFileType = wrapper.xcdatamodel; path = iFindArtists.xcdatamodel; sourceTree = "<group>"; };
		166B55EA19048F6E00F5C650 /* MainViewController.h */ = {isa = PBXFileReference; lastKnownFileType = sourcecode.c.h; path = MainViewController.h; sourceTree = "<group>"; };
		166B55EB19048F6E00F5C650 /* MainViewController.m */ = {isa = PBXFileReference; lastKnownFileType = sourcecode.c.objc; path = MainViewController.m; sourceTree = "<group>"; };
		166B55ED19048F6E00F5C650 /* FlipsideViewController.h */ = {isa = PBXFileReference; lastKnownFileType = sourcecode.c.h; path = FlipsideViewController.h; sourceTree = "<group>"; };
		166B55EE19048F6E00F5C650 /* FlipsideViewController.m */ = {isa = PBXFileReference; lastKnownFileType = sourcecode.c.objc; path = FlipsideViewController.m; sourceTree = "<group>"; };
		166B55F019048F6E00F5C650 /* Images.xcassets */ = {isa = PBXFileReference; lastKnownFileType = folder.assetcatalog; path = Images.xcassets; sourceTree = "<group>"; };
		166B55F619048F6E00F5C650 /* iFindArtistsTests.xctest */ = {isa = PBXFileReference; explicitFileType = wrapper.cfbundle; includeInIndex = 0; path = iFindArtistsTests.xctest; sourceTree = BUILT_PRODUCTS_DIR; };
		166B55F719048F6E00F5C650 /* XCTest.framework */ = {isa = PBXFileReference; lastKnownFileType = wrapper.framework; name = XCTest.framework; path = Library/Frameworks/XCTest.framework; sourceTree = DEVELOPER_DIR; };
		166B560019048F6F00F5C650 /* iFindArtistsTests-Info.plist */ = {isa = PBXFileReference; lastKnownFileType = text.plist.xml; path = "iFindArtistsTests-Info.plist"; sourceTree = "<group>"; };
		166B560219048F6F00F5C650 /* en */ = {isa = PBXFileReference; lastKnownFileType = text.plist.strings; name = en; path = en.lproj/InfoPlist.strings; sourceTree = "<group>"; };
		166B560419048F6F00F5C650 /* iFindArtistsTests.m */ = {isa = PBXFileReference; lastKnownFileType = sourcecode.c.objc; path = iFindArtistsTests.m; sourceTree = "<group>"; };
		166B561B19058C4300F5C650 /* FlickrAPIKey.h */ = {isa = PBXFileReference; fileEncoding = 4; lastKnownFileType = sourcecode.c.h; path = FlickrAPIKey.h; sourceTree = "<group>"; };
		166B561C19058C4300F5C650 /* FlickrFetcher.h */ = {isa = PBXFileReference; fileEncoding = 4; lastKnownFileType = sourcecode.c.h; path = FlickrFetcher.h; sourceTree = "<group>"; };
		166B561D19058C4300F5C650 /* FlickrFetcher.m */ = {isa = PBXFileReference; fileEncoding = 4; lastKnownFileType = sourcecode.c.objc; path = FlickrFetcher.m; sourceTree = "<group>"; };
		166B56251905954800F5C650 /* Photo+Flickr.h */ = {isa = PBXFileReference; fileEncoding = 4; lastKnownFileType = sourcecode.c.h; path = "Photo+Flickr.h"; sourceTree = "<group>"; };
		166B56261905954800F5C650 /* Photo+Flickr.m */ = {isa = PBXFileReference; fileEncoding = 4; lastKnownFileType = sourcecode.c.objc; path = "Photo+Flickr.m"; sourceTree = "<group>"; };
		166B56271905954800F5C650 /* Photographer+Create.h */ = {isa = PBXFileReference; fileEncoding = 4; lastKnownFileType = sourcecode.c.h; path = "Photographer+Create.h"; sourceTree = "<group>"; };
		166B56281905954800F5C650 /* Photographer+Create.m */ = {isa = PBXFileReference; fileEncoding = 4; lastKnownFileType = sourcecode.c.objc; path = "Photographer+Create.m"; sourceTree = "<group>"; };
		166B562B1905A4ED00F5C650 /* flickrcolor.png */ = {isa = PBXFileReference; lastKnownFileType = image.png; path = flickrcolor.png; sourceTree = "<group>"; };
		166B562D1905B38D00F5C650 /* CustomTableViewCell.h */ = {isa = PBXFileReference; fileEncoding = 4; lastKnownFileType = sourcecode.c.h; path = CustomTableViewCell.h; sourceTree = "<group>"; };
		166B562E1905B38D00F5C650 /* CustomTableViewCell.m */ = {isa = PBXFileReference; fileEncoding = 4; lastKnownFileType = sourcecode.c.objc; path = CustomTableViewCell.m; sourceTree = "<group>"; };
		166B56301905B50500F5C650 /* PhotographerCDTVC.h */ = {isa = PBXFileReference; fileEncoding = 4; lastKnownFileType = sourcecode.c.h; path = PhotographerCDTVC.h; sourceTree = "<group>"; };
		166B56311905B50500F5C650 /* PhotographerCDTVC.m */ = {isa = PBXFileReference; fileEncoding = 4; lastKnownFileType = sourcecode.c.objc; path = PhotographerCDTVC.m; sourceTree = "<group>"; };
		166B56331905B52000F5C650 /* CoreDataTableViewController.h */ = {isa = PBXFileReference; fileEncoding = 4; lastKnownFileType = sourcecode.c.h; path = CoreDataTableViewController.h; sourceTree = "<group>"; };
		166B56341905B52000F5C650 /* CoreDataTableViewController.m */ = {isa = PBXFileReference; fileEncoding = 4; lastKnownFileType = sourcecode.c.objc; path = CoreDataTableViewController.m; sourceTree = "<group>"; };
		166B56361905B66600F5C650 /* Photo.h */ = {isa = PBXFileReference; fileEncoding = 4; lastKnownFileType = sourcecode.c.h; path = Photo.h; sourceTree = "<group>"; };
		166B56371905B66600F5C650 /* Photo.m */ = {isa = PBXFileReference; fileEncoding = 4; lastKnownFileType = sourcecode.c.objc; path = Photo.m; sourceTree = "<group>"; };
		166B56391905B66600F5C650 /* Photographer.h */ = {isa = PBXFileReference; fileEncoding = 4; lastKnownFileType = sourcecode.c.h; path = Photographer.h; sourceTree = "<group>"; };
		166B563A1905B66600F5C650 /* Photographer.m */ = {isa = PBXFileReference; fileEncoding = 4; lastKnownFileType = sourcecode.c.objc; path = Photographer.m; sourceTree = "<group>"; };
		166B563C1905BD2A00F5C650 /* PhotosByPhotographerCDTVC.h */ = {isa = PBXFileReference; fileEncoding = 4; lastKnownFileType = sourcecode.c.h; path = PhotosByPhotographerCDTVC.h; sourceTree = "<group>"; };
		166B563D1905BD2A00F5C650 /* PhotosByPhotographerCDTVC.m */ = {isa = PBXFileReference; fileEncoding = 4; lastKnownFileType = sourcecode.c.objc; path = PhotosByPhotographerCDTVC.m; sourceTree = "<group>"; };
		166B56491905F4B000F5C650 /* AGPhotoBrowserCell.h */ = {isa = PBXFileReference; fileEncoding = 4; lastKnownFileType = sourcecode.c.h; path = AGPhotoBrowserCell.h; sourceTree = "<group>"; };
		166B564A1905F4B000F5C650 /* AGPhotoBrowserCell.m */ = {isa = PBXFileReference; fileEncoding = 4; lastKnownFileType = sourcecode.c.objc; path = AGPhotoBrowserCell.m; sourceTree = "<group>"; };
		166B564B1905F4B000F5C650 /* AGPhotoBrowserCellProtocol.h */ = {isa = PBXFileReference; fileEncoding = 4; lastKnownFileType = sourcecode.c.h; path = AGPhotoBrowserCellProtocol.h; sourceTree = "<group>"; };
		166B564C1905F4B000F5C650 /* AGPhotoBrowserDataSource.h */ = {isa = PBXFileReference; fileEncoding = 4; lastKnownFileType = sourcecode.c.h; path = AGPhotoBrowserDataSource.h; sourceTree = "<group>"; };
		166B564D1905F4B000F5C650 /* AGPhotoBrowserDelegate.h */ = {isa = PBXFileReference; fileEncoding = 4; lastKnownFileType = sourcecode.c.h; path = AGPhotoBrowserDelegate.h; sourceTree = "<group>"; };
		166B564E1905F4B000F5C650 /* AGPhotoBrowserOverlayView.h */ = {isa = PBXFileReference; fileEncoding = 4; lastKnownFileType = sourcecode.c.h; path = AGPhotoBrowserOverlayView.h; sourceTree = "<group>"; };
		166B564F1905F4B000F5C650 /* AGPhotoBrowserOverlayView.m */ = {isa = PBXFileReference; fileEncoding = 4; lastKnownFileType = sourcecode.c.objc; path = AGPhotoBrowserOverlayView.m; sourceTree = "<group>"; };
		166B56501905F4B000F5C650 /* AGPhotoBrowserView.h */ = {isa = PBXFileReference; fileEncoding = 4; lastKnownFileType = sourcecode.c.h; path = AGPhotoBrowserView.h; sourceTree = "<group>"; };
		166B56511905F4B000F5C650 /* AGPhotoBrowserView.m */ = {isa = PBXFileReference; fileEncoding = 4; lastKnownFileType = sourcecode.c.objc; path = AGPhotoBrowserView.m; sourceTree = "<group>"; };
		166B56521905F4B000F5C650 /* AGPhotoBrowserZoomableView.h */ = {isa = PBXFileReference; fileEncoding = 4; lastKnownFileType = sourcecode.c.h; path = AGPhotoBrowserZoomableView.h; sourceTree = "<group>"; };
		166B56531905F4B000F5C650 /* AGPhotoBrowserZoomableView.m */ = {isa = PBXFileReference; fileEncoding = 4; lastKnownFileType = sourcecode.c.objc; path = AGPhotoBrowserZoomableView.m; sourceTree = "<group>"; };
		16F4909F1917429700483215 /* CoreDataHelper.h */ = {isa = PBXFileReference; fileEncoding = 4; lastKnownFileType = sourcecode.c.h; path = CoreDataHelper.h; sourceTree = "<group>"; };
		16F490A01917429700483215 /* CoreDataHelper.m */ = {isa = PBXFileReference; fileEncoding = 4; lastKnownFileType = sourcecode.c.objc; path = CoreDataHelper.m; sourceTree = "<group>"; };
		16F490A21917692F00483215 /* BroadcastBeaconViewController.h */ = {isa = PBXFileReference; fileEncoding = 4; lastKnownFileType = sourcecode.c.h; path = BroadcastBeaconViewController.h; sourceTree = "<group>"; };
		16F490A31917692F00483215 /* BroadcastBeaconViewController.m */ = {isa = PBXFileReference; fileEncoding = 4; lastKnownFileType = sourcecode.c.objc; path = BroadcastBeaconViewController.m; sourceTree = "<group>"; };
		16F490A51917696700483215 /* CoreBluetooth.framework */ = {isa = PBXFileReference; lastKnownFileType = wrapper.framework; name = CoreBluetooth.framework; path = System/Library/Frameworks/CoreBluetooth.framework; sourceTree = SDKROOT; };
		16F490A71917696E00483215 /* CoreLocation.framework */ = {isa = PBXFileReference; lastKnownFileType = wrapper.framework; name = CoreLocation.framework; path = System/Library/Frameworks/CoreLocation.framework; sourceTree = SDKROOT; };
		16F490AA19176B5100483215 /* ReceiveBeaconViewController.h */ = {isa = PBXFileReference; fileEncoding = 4; lastKnownFileType = sourcecode.c.h; path = ReceiveBeaconViewController.h; sourceTree = "<group>"; };
		16F490AB19176B5100483215 /* ReceiveBeaconViewController.m */ = {isa = PBXFileReference; fileEncoding = 4; lastKnownFileType = sourcecode.c.objc; path = ReceiveBeaconViewController.m; sourceTree = "<group>"; };
		16F490AE19178A3400483215 /* SearchViewController.h */ = {isa = PBXFileReference; fileEncoding = 4; lastKnownFileType = sourcecode.c.h; path = SearchViewController.h; sourceTree = "<group>"; };
		16F490AF19178A3400483215 /* SearchViewController.m */ = {isa = PBXFileReference; fileEncoding = 4; lastKnownFileType = sourcecode.c.objc; path = SearchViewController.m; sourceTree = "<group>"; };
/* End PBXFileReference section */

/* Begin PBXFrameworksBuildPhase section */
		166B55CA19048F6E00F5C650 /* Frameworks */ = {
			isa = PBXFrameworksBuildPhase;
			buildActionMask = 2147483647;
			files = (
				16F490A81917696E00483215 /* CoreLocation.framework in Frameworks */,
				16F490A61917696700483215 /* CoreBluetooth.framework in Frameworks */,
				166B55D319048F6E00F5C650 /* CoreGraphics.framework in Frameworks */,
				166B55D719048F6E00F5C650 /* CoreData.framework in Frameworks */,
				166B55D519048F6E00F5C650 /* UIKit.framework in Frameworks */,
				166B55D119048F6E00F5C650 /* Foundation.framework in Frameworks */,
			);
			runOnlyForDeploymentPostprocessing = 0;
		};
		166B55F319048F6E00F5C650 /* Frameworks */ = {
			isa = PBXFrameworksBuildPhase;
			buildActionMask = 2147483647;
			files = (
				166B55F819048F6E00F5C650 /* XCTest.framework in Frameworks */,
				166B55FB19048F6E00F5C650 /* CoreData.framework in Frameworks */,
				166B55FA19048F6E00F5C650 /* UIKit.framework in Frameworks */,
				166B55F919048F6E00F5C650 /* Foundation.framework in Frameworks */,
			);
			runOnlyForDeploymentPostprocessing = 0;
		};
/* End PBXFrameworksBuildPhase section */

/* Begin PBXGroup section */
		166B55C419048F6E00F5C650 = {
			isa = PBXGroup;
			children = (
				166B55D819048F6E00F5C650 /* iFindArtists */,
				166B55FE19048F6F00F5C650 /* iFindArtistsTests */,
				166B55CF19048F6E00F5C650 /* Frameworks */,
				166B55CE19048F6E00F5C650 /* Products */,
			);
			sourceTree = "<group>";
		};
		166B55CE19048F6E00F5C650 /* Products */ = {
			isa = PBXGroup;
			children = (
				166B55CD19048F6E00F5C650 /* iFindArtists.app */,
				166B55F619048F6E00F5C650 /* iFindArtistsTests.xctest */,
			);
			name = Products;
			sourceTree = "<group>";
		};
		166B55CF19048F6E00F5C650 /* Frameworks */ = {
			isa = PBXGroup;
			children = (
				16F490A71917696E00483215 /* CoreLocation.framework */,
				16F490A51917696700483215 /* CoreBluetooth.framework */,
				166B55D019048F6E00F5C650 /* Foundation.framework */,
				166B55D219048F6E00F5C650 /* CoreGraphics.framework */,
				166B55D419048F6E00F5C650 /* UIKit.framework */,
				166B55D619048F6E00F5C650 /* CoreData.framework */,
				166B55F719048F6E00F5C650 /* XCTest.framework */,
			);
			name = Frameworks;
			sourceTree = "<group>";
		};
		166B55D819048F6E00F5C650 /* iFindArtists */ = {
			isa = PBXGroup;
			children = (
				166B56481905F4AF00F5C650 /* src */,
				166B561A19058C4300F5C650 /* FlickrFetcher */,
				166B55E119048F6E00F5C650 /* AppDelegate.h */,
				166B55E219048F6E00F5C650 /* AppDelegate.m */,
				166B55E419048F6E00F5C650 /* Main.storyboard */,
				16F490AE19178A3400483215 /* SearchViewController.h */,
				16F490AF19178A3400483215 /* SearchViewController.m */,
				16F490AA19176B5100483215 /* ReceiveBeaconViewController.h */,
				16F490AB19176B5100483215 /* ReceiveBeaconViewController.m */,
				16F490A21917692F00483215 /* BroadcastBeaconViewController.h */,
				16F490A31917692F00483215 /* BroadcastBeaconViewController.m */,
				166B562D1905B38D00F5C650 /* CustomTableViewCell.h */,
				166B562E1905B38D00F5C650 /* CustomTableViewCell.m */,
				166B55EA19048F6E00F5C650 /* MainViewController.h */,
				166B55EB19048F6E00F5C650 /* MainViewController.m */,
				166B55ED19048F6E00F5C650 /* FlipsideViewController.h */,
				166B55EE19048F6E00F5C650 /* FlipsideViewController.m */,
				166B55F019048F6E00F5C650 /* Images.xcassets */,
				166B55E719048F6E00F5C650 /* iFindArtists.xcdatamodeld */,
				166B56391905B66600F5C650 /* Photographer.h */,
				166B563A1905B66600F5C650 /* Photographer.m */,
				166B56361905B66600F5C650 /* Photo.h */,
				166B56371905B66600F5C650 /* Photo.m */,
				166B56301905B50500F5C650 /* PhotographerCDTVC.h */,
				166B56311905B50500F5C650 /* PhotographerCDTVC.m */,
				166B563C1905BD2A00F5C650 /* PhotosByPhotographerCDTVC.h */,
				166B563D1905BD2A00F5C650 /* PhotosByPhotographerCDTVC.m */,
				166B56251905954800F5C650 /* Photo+Flickr.h */,
				166B56261905954800F5C650 /* Photo+Flickr.m */,
				166B56271905954800F5C650 /* Photographer+Create.h */,
				166B56281905954800F5C650 /* Photographer+Create.m */,
				166B56331905B52000F5C650 /* CoreDataTableViewController.h */,
				166B56341905B52000F5C650 /* CoreDataTableViewController.m */,
				16F4909F1917429700483215 /* CoreDataHelper.h */,
				16F490A01917429700483215 /* CoreDataHelper.m */,
				166B55D919048F6E00F5C650 /* Supporting Files */,
			);
			path = iFindArtists;
			sourceTree = "<group>";
		};
		166B55D919048F6E00F5C650 /* Supporting Files */ = {
			isa = PBXGroup;
			children = (
				166B55DA19048F6E00F5C650 /* iFindArtists-Info.plist */,
				166B55DB19048F6E00F5C650 /* InfoPlist.strings */,
				166B55DE19048F6E00F5C650 /* main.m */,
				166B55E019048F6E00F5C650 /* iFindArtists-Prefix.pch */,
			);
			name = "Supporting Files";
			sourceTree = "<group>";
		};
		166B55FE19048F6F00F5C650 /* iFindArtistsTests */ = {
			isa = PBXGroup;
			children = (
				166B560419048F6F00F5C650 /* iFindArtistsTests.m */,
				166B55FF19048F6F00F5C650 /* Supporting Files */,
			);
			path = iFindArtistsTests;
			sourceTree = "<group>";
		};
		166B55FF19048F6F00F5C650 /* Supporting Files */ = {
			isa = PBXGroup;
			children = (
				166B560019048F6F00F5C650 /* iFindArtistsTests-Info.plist */,
				166B560119048F6F00F5C650 /* InfoPlist.strings */,
			);
			name = "Supporting Files";
			sourceTree = "<group>";
		};
		166B561A19058C4300F5C650 /* FlickrFetcher */ = {
			isa = PBXGroup;
			children = (
				166B562B1905A4ED00F5C650 /* flickrcolor.png */,
				166B561B19058C4300F5C650 /* FlickrAPIKey.h */,
				166B561C19058C4300F5C650 /* FlickrFetcher.h */,
				166B561D19058C4300F5C650 /* FlickrFetcher.m */,
			);
			path = FlickrFetcher;
			sourceTree = "<group>";
		};
		166B56481905F4AF00F5C650 /* src */ = {
			isa = PBXGroup;
			children = (
				166B56491905F4B000F5C650 /* AGPhotoBrowserCell.h */,
				166B564A1905F4B000F5C650 /* AGPhotoBrowserCell.m */,
				166B564B1905F4B000F5C650 /* AGPhotoBrowserCellProtocol.h */,
				166B564C1905F4B000F5C650 /* AGPhotoBrowserDataSource.h */,
				166B564D1905F4B000F5C650 /* AGPhotoBrowserDelegate.h */,
				166B564E1905F4B000F5C650 /* AGPhotoBrowserOverlayView.h */,
				166B564F1905F4B000F5C650 /* AGPhotoBrowserOverlayView.m */,
				166B56501905F4B000F5C650 /* AGPhotoBrowserView.h */,
				166B56511905F4B000F5C650 /* AGPhotoBrowserView.m */,
				166B56521905F4B000F5C650 /* AGPhotoBrowserZoomableView.h */,
				166B56531905F4B000F5C650 /* AGPhotoBrowserZoomableView.m */,
			);
			path = src;
			sourceTree = "<group>";
		};
/* End PBXGroup section */

/* Begin PBXNativeTarget section */
		166B55CC19048F6E00F5C650 /* iFindArtists */ = {
			isa = PBXNativeTarget;
			buildConfigurationList = 166B560819048F6F00F5C650 /* Build configuration list for PBXNativeTarget "iFindArtists" */;
			buildPhases = (
				166B55C919048F6E00F5C650 /* Sources */,
				166B55CA19048F6E00F5C650 /* Frameworks */,
				166B55CB19048F6E00F5C650 /* Resources */,
			);
			buildRules = (
			);
			dependencies = (
			);
			name = iFindArtists;
			productName = iFindArtists;
			productReference = 166B55CD19048F6E00F5C650 /* iFindArtists.app */;
			productType = "com.apple.product-type.application";
		};
		166B55F519048F6E00F5C650 /* iFindArtistsTests */ = {
			isa = PBXNativeTarget;
			buildConfigurationList = 166B560B19048F6F00F5C650 /* Build configuration list for PBXNativeTarget "iFindArtistsTests" */;
			buildPhases = (
				166B55F219048F6E00F5C650 /* Sources */,
				166B55F319048F6E00F5C650 /* Frameworks */,
				166B55F419048F6E00F5C650 /* Resources */,
			);
			buildRules = (
			);
			dependencies = (
				166B55FD19048F6F00F5C650 /* PBXTargetDependency */,
			);
			name = iFindArtistsTests;
			productName = iFindArtistsTests;
			productReference = 166B55F619048F6E00F5C650 /* iFindArtistsTests.xctest */;
			productType = "com.apple.product-type.bundle.unit-test";
		};
/* End PBXNativeTarget section */

/* Begin PBXProject section */
		166B55C519048F6E00F5C650 /* Project object */ = {
			isa = PBXProject;
			attributes = {
				LastUpgradeCheck = 0510;
				ORGANIZATIONNAME = "Rahul Sarna";
				TargetAttributes = {
					166B55CC19048F6E00F5C650 = {
						DevelopmentTeam = TN6HL26EU6;
					};
					166B55F519048F6E00F5C650 = {
						TestTargetID = 166B55CC19048F6E00F5C650;
					};
				};
			};
			buildConfigurationList = 166B55C819048F6E00F5C650 /* Build configuration list for PBXProject "iFindArtists" */;
			compatibilityVersion = "Xcode 3.2";
			developmentRegion = English;
			hasScannedForEncodings = 0;
			knownRegions = (
				en,
				Base,
			);
			mainGroup = 166B55C419048F6E00F5C650;
			productRefGroup = 166B55CE19048F6E00F5C650 /* Products */;
			projectDirPath = "";
			projectRoot = "";
			targets = (
				166B55CC19048F6E00F5C650 /* iFindArtists */,
				166B55F519048F6E00F5C650 /* iFindArtistsTests */,
			);
		};
/* End PBXProject section */

/* Begin PBXResourcesBuildPhase section */
		166B55CB19048F6E00F5C650 /* Resources */ = {
			isa = PBXResourcesBuildPhase;
			buildActionMask = 2147483647;
			files = (
				166B562C1905A4ED00F5C650 /* flickrcolor.png in Resources */,
				166B55F119048F6E00F5C650 /* Images.xcassets in Resources */,
				166B55DD19048F6E00F5C650 /* InfoPlist.strings in Resources */,
				166B55E619048F6E00F5C650 /* Main.storyboard in Resources */,
			);
			runOnlyForDeploymentPostprocessing = 0;
		};
		166B55F419048F6E00F5C650 /* Resources */ = {
			isa = PBXResourcesBuildPhase;
			buildActionMask = 2147483647;
			files = (
				166B560319048F6F00F5C650 /* InfoPlist.strings in Resources */,
			);
			runOnlyForDeploymentPostprocessing = 0;
		};
/* End PBXResourcesBuildPhase section */

/* Begin PBXSourcesBuildPhase section */
		166B55C919048F6E00F5C650 /* Sources */ = {
			isa = PBXSourcesBuildPhase;
			buildActionMask = 2147483647;
			files = (
				166B55E319048F6E00F5C650 /* AppDelegate.m in Sources */,
				166B55E919048F6E00F5C650 /* iFindArtists.xcdatamodeld in Sources */,
				166B55DF19048F6E00F5C650 /* main.m in Sources */,
				166B562A1905954800F5C650 /* Photographer+Create.m in Sources */,
				166B56381905B66600F5C650 /* Photo.m in Sources */,
				166B56561905F4B000F5C650 /* AGPhotoBrowserView.m in Sources */,
				166B563E1905BD2A00F5C650 /* PhotosByPhotographerCDTVC.m in Sources */,
				166B56321905B50500F5C650 /* PhotographerCDTVC.m in Sources */,
				16F490B019178A3400483215 /* SearchViewController.m in Sources */,
				16F490A41917692F00483215 /* BroadcastBeaconViewController.m in Sources */,
				16F490AC19176B5100483215 /* ReceiveBeaconViewController.m in Sources */,
				166B562F1905B38D00F5C650 /* CustomTableViewCell.m in Sources */,
				166B56351905B52000F5C650 /* CoreDataTableViewController.m in Sources */,
				166B55EF19048F6E00F5C650 /* FlipsideViewController.m in Sources */,
				166B56291905954800F5C650 /* Photo+Flickr.m in Sources */,
				166B561E19058C4300F5C650 /* FlickrFetcher.m in Sources */,
				16F490A11917429700483215 /* CoreDataHelper.m in Sources */,
				166B563B1905B66600F5C650 /* Photographer.m in Sources */,
				166B56551905F4B000F5C650 /* AGPhotoBrowserOverlayView.m in Sources */,
				166B56571905F4B000F5C650 /* AGPhotoBrowserZoomableView.m in Sources */,
				166B55EC19048F6E00F5C650 /* MainViewController.m in Sources */,
				166B56541905F4B000F5C650 /* AGPhotoBrowserCell.m in Sources */,
			);
			runOnlyForDeploymentPostprocessing = 0;
		};
		166B55F219048F6E00F5C650 /* Sources */ = {
			isa = PBXSourcesBuildPhase;
			buildActionMask = 2147483647;
			files = (
				166B560519048F6F00F5C650 /* iFindArtistsTests.m in Sources */,
			);
			runOnlyForDeploymentPostprocessing = 0;
		};
/* End PBXSourcesBuildPhase section */

/* Begin PBXTargetDependency section */
		166B55FD19048F6F00F5C650 /* PBXTargetDependency */ = {
			isa = PBXTargetDependency;
			target = 166B55CC19048F6E00F5C650 /* iFindArtists */;
			targetProxy = 166B55FC19048F6F00F5C650 /* PBXContainerItemProxy */;
		};
/* End PBXTargetDependency section */

/* Begin PBXVariantGroup section */
		166B55DB19048F6E00F5C650 /* InfoPlist.strings */ = {
			isa = PBXVariantGroup;
			children = (
				166B55DC19048F6E00F5C650 /* en */,
			);
			name = InfoPlist.strings;
			sourceTree = "<group>";
		};
		166B55E419048F6E00F5C650 /* Main.storyboard */ = {
			isa = PBXVariantGroup;
			children = (
				166B55E519048F6E00F5C650 /* Base */,
			);
			name = Main.storyboard;
			sourceTree = "<group>";
		};
		166B560119048F6F00F5C650 /* InfoPlist.strings */ = {
			isa = PBXVariantGroup;
			children = (
				166B560219048F6F00F5C650 /* en */,
			);
			name = InfoPlist.strings;
			sourceTree = "<group>";
		};
/* End PBXVariantGroup section */

/* Begin XCBuildConfiguration section */
		166B560619048F6F00F5C650 /* Debug */ = {
			isa = XCBuildConfiguration;
			buildSettings = {
				ALWAYS_SEARCH_USER_PATHS = NO;
				CLANG_CXX_LANGUAGE_STANDARD = "gnu++0x";
				CLANG_CXX_LIBRARY = "libc++";
				CLANG_ENABLE_MODULES = YES;
				CLANG_ENABLE_OBJC_ARC = YES;
				CLANG_WARN_BOOL_CONVERSION = YES;
				CLANG_WARN_CONSTANT_CONVERSION = YES;
				CLANG_WARN_DIRECT_OBJC_ISA_USAGE = YES_ERROR;
				CLANG_WARN_EMPTY_BODY = YES;
				CLANG_WARN_ENUM_CONVERSION = YES;
				CLANG_WARN_INT_CONVERSION = YES;
				CLANG_WARN_OBJC_ROOT_CLASS = YES_ERROR;
				CLANG_WARN__DUPLICATE_METHOD_MATCH = YES;
				"CODE_SIGN_IDENTITY[sdk=iphoneos*]" = "iPhone Developer";
				COPY_PHASE_STRIP = NO;
				GCC_C_LANGUAGE_STANDARD = gnu99;
				GCC_DYNAMIC_NO_PIC = NO;
				GCC_OPTIMIZATION_LEVEL = 0;
				GCC_PREPROCESSOR_DEFINITIONS = (
					"DEBUG=1",
					"$(inherited)",
				);
				GCC_SYMBOLS_PRIVATE_EXTERN = NO;
				GCC_WARN_64_TO_32_BIT_CONVERSION = YES;
				GCC_WARN_ABOUT_RETURN_TYPE = YES_ERROR;
				GCC_WARN_UNDECLARED_SELECTOR = YES;
				GCC_WARN_UNINITIALIZED_AUTOS = YES_AGGRESSIVE;
				GCC_WARN_UNUSED_FUNCTION = YES;
				GCC_WARN_UNUSED_VARIABLE = YES;
				IPHONEOS_DEPLOYMENT_TARGET = 7.1;
				ONLY_ACTIVE_ARCH = YES;
				SDKROOT = iphoneos;
			};
			name = Debug;
		};
		166B560719048F6F00F5C650 /* Release */ = {
			isa = XCBuildConfiguration;
			buildSettings = {
				ALWAYS_SEARCH_USER_PATHS = NO;
				CLANG_CXX_LANGUAGE_STANDARD = "gnu++0x";
				CLANG_CXX_LIBRARY = "libc++";
				CLANG_ENABLE_MODULES = YES;
				CLANG_ENABLE_OBJC_ARC = YES;
				CLANG_WARN_BOOL_CONVERSION = YES;
				CLANG_WARN_CONSTANT_CONVERSION = YES;
				CLANG_WARN_DIRECT_OBJC_ISA_USAGE = YES_ERROR;
				CLANG_WARN_EMPTY_BODY = YES;
				CLANG_WARN_ENUM_CONVERSION = YES;
				CLANG_WARN_INT_CONVERSION = YES;
				CLANG_WARN_OBJC_ROOT_CLASS = YES_ERROR;
				CLANG_WARN__DUPLICATE_METHOD_MATCH = YES;
				"CODE_SIGN_IDENTITY[sdk=iphoneos*]" = "iPhone Developer";
				COPY_PHASE_STRIP = YES;
				ENABLE_NS_ASSERTIONS = NO;
				GCC_C_LANGUAGE_STANDARD = gnu99;
				GCC_WARN_64_TO_32_BIT_CONVERSION = YES;
				GCC_WARN_ABOUT_RETURN_TYPE = YES_ERROR;
				GCC_WARN_UNDECLARED_SELECTOR = YES;
				GCC_WARN_UNINITIALIZED_AUTOS = YES_AGGRESSIVE;
				GCC_WARN_UNUSED_FUNCTION = YES;
				GCC_WARN_UNUSED_VARIABLE = YES;
				IPHONEOS_DEPLOYMENT_TARGET = 7.1;
				SDKROOT = iphoneos;
				VALIDATE_PRODUCT = YES;
			};
			name = Release;
		};
		166B560919048F6F00F5C650 /* Debug */ = {
			isa = XCBuildConfiguration;
			buildSettings = {
				ASSETCATALOG_COMPILER_APPICON_NAME = AppIcon;
				ASSETCATALOG_COMPILER_LAUNCHIMAGE_NAME = LaunchImage;
				CODE_SIGN_IDENTITY = "iPhone Developer";
				"CODE_SIGN_IDENTITY[sdk=iphoneos*]" = "iPhone Developer";
				GCC_PRECOMPILE_PREFIX_HEADER = YES;
				GCC_PREFIX_HEADER = "iFindArtists/iFindArtists-Prefix.pch";
				INFOPLIST_FILE = "iFindArtists/iFindArtists-Info.plist";
				PRODUCT_NAME = "$(TARGET_NAME)";
				PROVISIONING_PROFILE = "";
				WRAPPER_EXTENSION = app;
			};
			name = Debug;
		};
		166B560A19048F6F00F5C650 /* Release */ = {
			isa = XCBuildConfiguration;
			buildSettings = {
				ASSETCATALOG_COMPILER_APPICON_NAME = AppIcon;
				ASSETCATALOG_COMPILER_LAUNCHIMAGE_NAME = LaunchImage;
				CODE_SIGN_IDENTITY = "iPhone Developer";
				"CODE_SIGN_IDENTITY[sdk=iphoneos*]" = "iPhone Developer";
				GCC_PRECOMPILE_PREFIX_HEADER = YES;
				GCC_PREFIX_HEADER = "iFindArtists/iFindArtists-Prefix.pch";
				INFOPLIST_FILE = "iFindArtists/iFindArtists-Info.plist";
				PRODUCT_NAME = "$(TARGET_NAME)";
				PROVISIONING_PROFILE = "";
				WRAPPER_EXTENSION = app;
			};
			name = Release;
		};
		166B560C19048F6F00F5C650 /* Debug */ = {
			isa = XCBuildConfiguration;
			buildSettings = {
				BUNDLE_LOADER = "$(BUILT_PRODUCTS_DIR)/iFindArtists.app/iFindArtists";
				FRAMEWORK_SEARCH_PATHS = (
					"$(SDKROOT)/Developer/Library/Frameworks",
					"$(inherited)",
					"$(DEVELOPER_FRAMEWORKS_DIR)",
				);
				GCC_PRECOMPILE_PREFIX_HEADER = YES;
				GCC_PREFIX_HEADER = "iFindArtists/iFindArtists-Prefix.pch";
				GCC_PREPROCESSOR_DEFINITIONS = (
					"DEBUG=1",
					"$(inherited)",
				);
				INFOPLIST_FILE = "iFindArtistsTests/iFindArtistsTests-Info.plist";
				PRODUCT_NAME = "$(TARGET_NAME)";
				TEST_HOST = "$(BUNDLE_LOADER)";
				WRAPPER_EXTENSION = xctest;
			};
			name = Debug;
		};
		166B560D19048F6F00F5C650 /* Release */ = {
			isa = XCBuildConfiguration;
			buildSettings = {
				BUNDLE_LOADER = "$(BUILT_PRODUCTS_DIR)/iFindArtists.app/iFindArtists";
				FRAMEWORK_SEARCH_PATHS = (
					"$(SDKROOT)/Developer/Library/Frameworks",
					"$(inherited)",
					"$(DEVELOPER_FRAMEWORKS_DIR)",
				);
				GCC_PRECOMPILE_PREFIX_HEADER = YES;
				GCC_PREFIX_HEADER = "iFindArtists/iFindArtists-Prefix.pch";
				INFOPLIST_FILE = "iFindArtistsTests/iFindArtistsTests-Info.plist";
				PRODUCT_NAME = "$(TARGET_NAME)";
				TEST_HOST = "$(BUNDLE_LOADER)";
				WRAPPER_EXTENSION = xctest;
			};
			name = Release;
		};
/* End XCBuildConfiguration section */

/* Begin XCConfigurationList section */
		166B55C819048F6E00F5C650 /* Build configuration list for PBXProject "iFindArtists" */ = {
			isa = XCConfigurationList;
			buildConfigurations = (
				166B560619048F6F00F5C650 /* Debug */,
				166B560719048F6F00F5C650 /* Release */,
			);
			defaultConfigurationIsVisible = 0;
			defaultConfigurationName = Release;
		};
		166B560819048F6F00F5C650 /* Build configuration list for PBXNativeTarget "iFindArtists" */ = {
			isa = XCConfigurationList;
			buildConfigurations = (
				166B560919048F6F00F5C650 /* Debug */,
				166B560A19048F6F00F5C650 /* Release */,
			);
			defaultConfigurationIsVisible = 0;
			defaultConfigurationName = Release;
		};
		166B560B19048F6F00F5C650 /* Build configuration list for PBXNativeTarget "iFindArtistsTests" */ = {
			isa = XCConfigurationList;
			buildConfigurations = (
				166B560C19048F6F00F5C650 /* Debug */,
				166B560D19048F6F00F5C650 /* Release */,
			);
			defaultConfigurationIsVisible = 0;
			defaultConfigurationName = Release;
		};
/* End XCConfigurationList section */

/* Begin XCVersionGroup section */
		166B55E719048F6E00F5C650 /* iFindArtists.xcdatamodeld */ = {
			isa = XCVersionGroup;
			children = (
				166B55E819048F6E00F5C650 /* iFindArtists.xcdatamodel */,
			);
			currentVersion = 166B55E819048F6E00F5C650 /* iFindArtists.xcdatamodel */;
			path = iFindArtists.xcdatamodeld;
			sourceTree = "<group>";
			versionGroupType = wrapper.xcdatamodel;
		};
/* End XCVersionGroup section */
	};
	rootObject = 166B55C519048F6E00F5C650 /* Project object */;
}
